
Microsoft Visual Studio Solution File, Format Version 12.00
# Visual Studio Version 17
VisualStudioVersion = 17.4.33110.190
MinimumVisualStudioVersion = 10.0.40219.1
Project("{FAE04EC0-301F-11D3-BF4B-00C04F79EFBC}") = "WebApplication2", "WebApplication2.csproj", "{525E40D9-817E-4DFE-86AF-D213AB264942}"
EndProject
Project("{FAE04EC0-301F-11D3-BF4B-00C04F79EFBC}") = "WebApplication2.Tests", "..\WebApplication2.Tests\WebApplication2.Tests.csproj", "{206EE916-7318-4594-80A4-0E016BB5FE95}"
EndProject
Global
	GlobalSection(SolutionConfigurationPlatforms) = preSolution
		Debug|Any CPU = Debug|Any CPU
		Release|Any CPU = Release|Any CPU
	EndGlobalSection
	GlobalSection(ProjectConfigurationPlatforms) = postSolution
		{525E40D9-817E-4DFE-86AF-D213AB264942}.Debug|Any CPU.ActiveCfg = Debug|Any CPU
		{525E40D9-817E-4DFE-86AF-D213AB264942}.Debug|Any CPU.Build.0 = Debug|Any CPU
		{525E40D9-817E-4DFE-86AF-D213AB264942}.Release|Any CPU.ActiveCfg = Release|Any CPU
		{525E40D9-817E-4DFE-86AF-D213AB264942}.Release|Any CPU.Build.0 = Release|Any CPU
		{206EE916-7318-4594-80A4-0E016BB5FE95}.Debug|Any CPU.ActiveCfg = Debug|Any CPU
		{206EE916-7318-4594-80A4-0E016BB5FE95}.Debug|Any CPU.Build.0 = Debug|Any CPU
		{206EE916-7318-4594-80A4-0E016BB5FE95}.Release|Any CPU.ActiveCfg = Release|Any CPU
		{206EE916-7318-4594-80A4-0E016BB5FE95}.Release|Any CPU.Build.0 = Release|Any CPU
	EndGlobalSection
	GlobalSection(SolutionProperties) = preSolution
		HideSolutionNode = FALSE
	EndGlobalSection
	GlobalSection(ExtensibilityGlobals) = postSolution
		SolutionGuid = {00D35378-8D2F-4010-9045-E5824665240D}
	EndGlobalSection
EndGlobal
